
Microsoft Visual Studio Solution File, Format Version 12.00
# Visual Studio Version 16
VisualStudioVersion = 16.0.30611.23
MinimumVisualStudioVersion = 10.0.40219.1
Project("{9A19103F-16F7-4668-BE54-9A1E7A4F7556}") = "HillFacts.Server", "HillFacts\Server\HillFacts.Server.csproj", "{3B87282A-E086-4D6F-B750-8BD3BFB5C191}"
EndProject
Project("{9A19103F-16F7-4668-BE54-9A1E7A4F7556}") = "HillFacts.Shared", "HillFacts\Shared\HillFacts.Shared.csproj", "{031D7E66-8ADF-4BA8-85D9-86A5C5844A2B}"
EndProject
Project("{9A19103F-16F7-4668-BE54-9A1E7A4F7556}") = "ProPublicaCongressAPI", "ProPublicaCongressAPI\ProPublicaCongressAPI.csproj", "{1AE458E6-38A7-4AFD-819F-B78EDD5DFA1B}"
EndProject
Project("{9A19103F-16F7-4668-BE54-9A1E7A4F7556}") = "ProPublicaCongressAPI.Contracts", "ProPublicaCongressAPI.Contracts\ProPublicaCongressAPI.Contracts.csproj", "{B451DB78-D639-4BAC-8F89-8AAE8C7F2130}"
EndProject
Project("{2150E333-8FDC-42A3-9474-1A3956D46DE8}") = "Components", "Components", "{11AE5151-B9A6-43A6-9522-F3FE70F61F22}"
EndProject
Project("{9A19103F-16F7-4668-BE54-9A1E7A4F7556}") = "HillFacts.Client", "HillFacts\Client\HillFacts.Client.csproj", "{186859D6-8F90-48FC-A530-3663642D82D5}"
EndProject
Project("{9A19103F-16F7-4668-BE54-9A1E7A4F7556}") = "D3Visualizations", "HfTimeline\D3Visualizations.csproj", "{EF992FC3-A8AE-4906-A622-1D863030E423}"
EndProject
Project("{9A19103F-16F7-4668-BE54-9A1E7A4F7556}") = "JSEmbed", "JSEmbed\JSEmbed.csproj", "{AB2197FA-2A75-4F99-93A9-38867D3C92BD}"
EndProject
Project("{9A19103F-16F7-4668-BE54-9A1E7A4F7556}") = "Propublica.CampaignFinance.Api", "Propublica.CampaignFinance.Api\Propublica.CampaignFinance.Api.csproj", "{99CEFB7E-5D7C-44EE-ABE9-BC5BEC0DEE8A}"
EndProject
Project("{9A19103F-16F7-4668-BE54-9A1E7A4F7556}") = "Propublica.CampaignFinance.Api.Contracts", "Propublica.CampaignFinance.Api.Contracts\Propublica.CampaignFinance.Api.Contracts.csproj", "{C9FF5454-A558-408E-9C2A-943307D17141}"
EndProject
Project("{2150E333-8FDC-42A3-9474-1A3956D46DE8}") = "Tests", "Tests", "{53362DE9-9C72-4FAF-BC5C-807F6AC77CC2}"
EndProject
Project("{9A19103F-16F7-4668-BE54-9A1E7A4F7556}") = "Propublica.CampaignFinance.Api.Tests", "Propublica.Campaign.Finance.Api.Tests\Propublica.CampaignFinance.Api.Tests.csproj", "{8C306103-8721-4337-9C6E-B43F4AA2B6DF}"
EndProject
Project("{FAE04EC0-301F-11D3-BF4B-00C04F79EFBC}") = "BSIcons", "BSIcons\BSIcons.csproj", "{10B785AF-D487-4E2F-A82F-D816F315E104}"
EndProject
Global
	GlobalSection(SolutionConfigurationPlatforms) = preSolution
		Debug|Any CPU = Debug|Any CPU
		Release|Any CPU = Release|Any CPU
	EndGlobalSection
	GlobalSection(ProjectConfigurationPlatforms) = postSolution
		{3B87282A-E086-4D6F-B750-8BD3BFB5C191}.Debug|Any CPU.ActiveCfg = Debug|Any CPU
		{3B87282A-E086-4D6F-B750-8BD3BFB5C191}.Debug|Any CPU.Build.0 = Debug|Any CPU
		{3B87282A-E086-4D6F-B750-8BD3BFB5C191}.Release|Any CPU.ActiveCfg = Release|Any CPU
		{3B87282A-E086-4D6F-B750-8BD3BFB5C191}.Release|Any CPU.Build.0 = Release|Any CPU
		{031D7E66-8ADF-4BA8-85D9-86A5C5844A2B}.Debug|Any CPU.ActiveCfg = Debug|Any CPU
		{031D7E66-8ADF-4BA8-85D9-86A5C5844A2B}.Debug|Any CPU.Build.0 = Debug|Any CPU
		{031D7E66-8ADF-4BA8-85D9-86A5C5844A2B}.Release|Any CPU.ActiveCfg = Release|Any CPU
		{031D7E66-8ADF-4BA8-85D9-86A5C5844A2B}.Release|Any CPU.Build.0 = Release|Any CPU
		{1AE458E6-38A7-4AFD-819F-B78EDD5DFA1B}.Debug|Any CPU.ActiveCfg = Debug|Any CPU
		{1AE458E6-38A7-4AFD-819F-B78EDD5DFA1B}.Debug|Any CPU.Build.0 = Debug|Any CPU
		{1AE458E6-38A7-4AFD-819F-B78EDD5DFA1B}.Release|Any CPU.ActiveCfg = Release|Any CPU
		{1AE458E6-38A7-4AFD-819F-B78EDD5DFA1B}.Release|Any CPU.Build.0 = Release|Any CPU
		{B451DB78-D639-4BAC-8F89-8AAE8C7F2130}.Debug|Any CPU.ActiveCfg = Debug|Any CPU
		{B451DB78-D639-4BAC-8F89-8AAE8C7F2130}.Debug|Any CPU.Build.0 = Debug|Any CPU
		{B451DB78-D639-4BAC-8F89-8AAE8C7F2130}.Release|Any CPU.ActiveCfg = Release|Any CPU
		{B451DB78-D639-4BAC-8F89-8AAE8C7F2130}.Release|Any CPU.Build.0 = Release|Any CPU
		{186859D6-8F90-48FC-A530-3663642D82D5}.Debug|Any CPU.ActiveCfg = Debug|Any CPU
		{186859D6-8F90-48FC-A530-3663642D82D5}.Debug|Any CPU.Build.0 = Debug|Any CPU
		{186859D6-8F90-48FC-A530-3663642D82D5}.Release|Any CPU.ActiveCfg = Release|Any CPU
		{186859D6-8F90-48FC-A530-3663642D82D5}.Release|Any CPU.Build.0 = Release|Any CPU
		{EF992FC3-A8AE-4906-A622-1D863030E423}.Debug|Any CPU.ActiveCfg = Debug|Any CPU
		{EF992FC3-A8AE-4906-A622-1D863030E423}.Debug|Any CPU.Build.0 = Debug|Any CPU
		{EF992FC3-A8AE-4906-A622-1D863030E423}.Release|Any CPU.ActiveCfg = Release|Any CPU
		{EF992FC3-A8AE-4906-A622-1D863030E423}.Release|Any CPU.Build.0 = Release|Any CPU
		{AB2197FA-2A75-4F99-93A9-38867D3C92BD}.Debug|Any CPU.ActiveCfg = Debug|Any CPU
		{AB2197FA-2A75-4F99-93A9-38867D3C92BD}.Debug|Any CPU.Build.0 = Debug|Any CPU
		{AB2197FA-2A75-4F99-93A9-38867D3C92BD}.Release|Any CPU.ActiveCfg = Release|Any CPU
		{AB2197FA-2A75-4F99-93A9-38867D3C92BD}.Release|Any CPU.Build.0 = Release|Any CPU
		{99CEFB7E-5D7C-44EE-ABE9-BC5BEC0DEE8A}.Debug|Any CPU.ActiveCfg = Debug|Any CPU
		{99CEFB7E-5D7C-44EE-ABE9-BC5BEC0DEE8A}.Debug|Any CPU.Build.0 = Debug|Any CPU
		{99CEFB7E-5D7C-44EE-ABE9-BC5BEC0DEE8A}.Release|Any CPU.ActiveCfg = Release|Any CPU
		{99CEFB7E-5D7C-44EE-ABE9-BC5BEC0DEE8A}.Release|Any CPU.Build.0 = Release|Any CPU
		{C9FF5454-A558-408E-9C2A-943307D17141}.Debug|Any CPU.ActiveCfg = Debug|Any CPU
		{C9FF5454-A558-408E-9C2A-943307D17141}.Debug|Any CPU.Build.0 = Debug|Any CPU
		{C9FF5454-A558-408E-9C2A-943307D17141}.Release|Any CPU.ActiveCfg = Release|Any CPU
		{C9FF5454-A558-408E-9C2A-943307D17141}.Release|Any CPU.Build.0 = Release|Any CPU
		{8C306103-8721-4337-9C6E-B43F4AA2B6DF}.Debug|Any CPU.ActiveCfg = Debug|Any CPU
		{8C306103-8721-4337-9C6E-B43F4AA2B6DF}.Debug|Any CPU.Build.0 = Debug|Any CPU
		{8C306103-8721-4337-9C6E-B43F4AA2B6DF}.Release|Any CPU.ActiveCfg = Release|Any CPU
		{8C306103-8721-4337-9C6E-B43F4AA2B6DF}.Release|Any CPU.Build.0 = Release|Any CPU
		{10B785AF-D487-4E2F-A82F-D816F315E104}.Debug|Any CPU.ActiveCfg = Debug|Any CPU
		{10B785AF-D487-4E2F-A82F-D816F315E104}.Debug|Any CPU.Build.0 = Debug|Any CPU
		{10B785AF-D487-4E2F-A82F-D816F315E104}.Release|Any CPU.ActiveCfg = Release|Any CPU
		{10B785AF-D487-4E2F-A82F-D816F315E104}.Release|Any CPU.Build.0 = Release|Any CPU
	EndGlobalSection
	GlobalSection(SolutionProperties) = preSolution
		HideSolutionNode = FALSE
	EndGlobalSection
	GlobalSection(NestedProjects) = preSolution
		{EF992FC3-A8AE-4906-A622-1D863030E423} = {11AE5151-B9A6-43A6-9522-F3FE70F61F22}
		{AB2197FA-2A75-4F99-93A9-38867D3C92BD} = {11AE5151-B9A6-43A6-9522-F3FE70F61F22}
		{8C306103-8721-4337-9C6E-B43F4AA2B6DF} = {53362DE9-9C72-4FAF-BC5C-807F6AC77CC2}
		{10B785AF-D487-4E2F-A82F-D816F315E104} = {11AE5151-B9A6-43A6-9522-F3FE70F61F22}
	EndGlobalSection
	GlobalSection(ExtensibilityGlobals) = postSolution
		SolutionGuid = {56688305-3ECD-4D9B-9796-90C2AE2A6C1B}
	EndGlobalSection
EndGlobal
